{
  "originHash" : "16600aeba07382ed7f30d8ad3b3e9dff11c501ff2bf9baefe706371c4b30bee0",
  "pins" : [
    {
      "identity" : "factory",
      "kind" : "remoteSourceControl",
      "location" : "https://github.com/hmlongco/Factory",
      "state" : {
        "revision" : "587995f7d5cc667951d635fbf6b4252324ba0439",
        "version" : "2.3.2"
      }
    },
    {
      "identity" : "kingfisher",
      "kind" : "remoteSourceControl",
      "location" : "https://github.com/onevcat/Kingfisher",
      "state" : {
        "revision" : "3340001633525fd68c53d3a359e3c118797ad08e",
        "version" : "8.0.2"
      }
    }
  ],
  "version" : 3
}
